{
  "name": "foundation-g2-candidate-s",
  "lockfileVersion": 3,
  "requires": true,
  "packages": {
    "": {
      "name": "foundation-g2-candidate-s",
      "dependencies": {
        "@mkbabb/parse-that": "1.0.0"
      }
    },
    "node_modules/@mkbabb/parse-that": {
      "version": "1.0.0",
      "resolved": "https://registry.npmjs.org/@mkbabb/parse-that/-/parse-that-1.0.0.tgz",
      "integrity": "sha512-ygzF6JPb0OC2XRCeg/ywtNYgo2hKmZYGabaimObx0/czxH/8I2gF8obQjkWpPrXW8azOtt5x3RpnU5nZVEpY1Q=="
    }
  }
}
